
Microsoft Visual Studio Solution File, Format Version 12.00
# Visual Studio Version 16
VisualStudioVersion = 16.0.30907.101
MinimumVisualStudioVersion = 10.0.40219.1
Project("{FAE04EC0-301F-11D3-BF4B-00C04F79EFBC}") = "APublicizer", "APublicizer.csproj", "{727FEC59-1401-4CBE-B687-BB61E4E23856}"
EndProject
Global
	GlobalSection(SolutionConfigurationPlatforms) = preSolution
		Debug|Any CPU = Debug|Any CPU
		Release|Any CPU = Release|Any CPU
	EndGlobalSection
	GlobalSection(ProjectConfigurationPlatforms) = postSolution
		{727FEC59-1401-4CBE-B687-BB61E4E23856}.Debug|Any CPU.ActiveCfg = Debug|Any CPU
		{727FEC59-1401-4CBE-B687-BB61E4E23856}.Debug|Any CPU.Build.0 = Debug|Any CPU
		{727FEC59-1401-4CBE-B687-BB61E4E23856}.Release|Any CPU.ActiveCfg = Release|Any CPU
		{727FEC59-1401-4CBE-B687-BB61E4E23856}.Release|Any CPU.Build.0 = Release|Any CPU
	EndGlobalSection
	GlobalSection(SolutionProperties) = preSolution
		HideSolutionNode = FALSE
	EndGlobalSection
	GlobalSection(ExtensibilityGlobals) = postSolution
		SolutionGuid = {855271D7-4FD8-42E5-B22B-DE8AFF0AA4EC}
	EndGlobalSection
EndGlobal
